
Microsoft Visual Studio Solution File, Format Version 12.00
# Visual Studio 15
VisualStudioVersion = 15.0.28307.421
MinimumVisualStudioVersion = 10.0.40219.1
Project("{9A19103F-16F7-4668-BE54-9A1E7A4F7556}") = "RequestService.WebApi", "RequestService.WebApi\RequestService.WebApi.csproj", "{107063FB-30BF-4CF6-A0A6-C87109A64463}"
	ProjectSection(ProjectDependencies) = postProject
		{B65C2516-46FB-4227-ADBB-6DD1D7C32AF9} = {B65C2516-46FB-4227-ADBB-6DD1D7C32AF9}
	EndProjectSection
EndProject
Project("{9A19103F-16F7-4668-BE54-9A1E7A4F7556}") = "RequestService.Application", "RequestService.Application\RequestService.Application.csproj", "{5AA23869-6459-44B9-BAC5-3B7E28829FF1}"
EndProject
Project("{9A19103F-16F7-4668-BE54-9A1E7A4F7556}") = "RequestService.Infrastructure", "RequestService.Infrastructure\RequestService.Infrastructure.csproj", "{E8F3004B-E06E-42E7-A334-855DB4DB5B98}"
EndProject
Project("{9A19103F-16F7-4668-BE54-9A1E7A4F7556}") = "RequestService.Domain", "RequestService.Domain\RequestService.Domain.csproj", "{B65C2516-46FB-4227-ADBB-6DD1D7C32AF9}"
EndProject
Project("{9A19103F-16F7-4668-BE54-9A1E7A4F7556}") = "RequestService.Infrastructure.Persistence", "RequestService.Infrastructure.Persistence\RequestService.Infrastructure.Persistence.csproj", "{6AE31E7C-828E-4054-9D80-B2CEB3C0F4BE}"
EndProject
Global
	GlobalSection(SolutionConfigurationPlatforms) = preSolution
		Debug|Any CPU = Debug|Any CPU
		Release|Any CPU = Release|Any CPU
	EndGlobalSection
	GlobalSection(ProjectConfigurationPlatforms) = postSolution
		{107063FB-30BF-4CF6-A0A6-C87109A64463}.Debug|Any CPU.ActiveCfg = Debug|Any CPU
		{107063FB-30BF-4CF6-A0A6-C87109A64463}.Debug|Any CPU.Build.0 = Debug|Any CPU
		{107063FB-30BF-4CF6-A0A6-C87109A64463}.Release|Any CPU.ActiveCfg = Release|Any CPU
		{107063FB-30BF-4CF6-A0A6-C87109A64463}.Release|Any CPU.Build.0 = Release|Any CPU
		{5AA23869-6459-44B9-BAC5-3B7E28829FF1}.Debug|Any CPU.ActiveCfg = Debug|Any CPU
		{5AA23869-6459-44B9-BAC5-3B7E28829FF1}.Debug|Any CPU.Build.0 = Debug|Any CPU
		{5AA23869-6459-44B9-BAC5-3B7E28829FF1}.Release|Any CPU.ActiveCfg = Release|Any CPU
		{5AA23869-6459-44B9-BAC5-3B7E28829FF1}.Release|Any CPU.Build.0 = Release|Any CPU
		{E8F3004B-E06E-42E7-A334-855DB4DB5B98}.Debug|Any CPU.ActiveCfg = Debug|Any CPU
		{E8F3004B-E06E-42E7-A334-855DB4DB5B98}.Debug|Any CPU.Build.0 = Debug|Any CPU
		{E8F3004B-E06E-42E7-A334-855DB4DB5B98}.Release|Any CPU.ActiveCfg = Release|Any CPU
		{E8F3004B-E06E-42E7-A334-855DB4DB5B98}.Release|Any CPU.Build.0 = Release|Any CPU
		{B65C2516-46FB-4227-ADBB-6DD1D7C32AF9}.Debug|Any CPU.ActiveCfg = Debug|Any CPU
		{B65C2516-46FB-4227-ADBB-6DD1D7C32AF9}.Debug|Any CPU.Build.0 = Debug|Any CPU
		{B65C2516-46FB-4227-ADBB-6DD1D7C32AF9}.Release|Any CPU.ActiveCfg = Release|Any CPU
		{B65C2516-46FB-4227-ADBB-6DD1D7C32AF9}.Release|Any CPU.Build.0 = Release|Any CPU
		{6AE31E7C-828E-4054-9D80-B2CEB3C0F4BE}.Debug|Any CPU.ActiveCfg = Debug|Any CPU
		{6AE31E7C-828E-4054-9D80-B2CEB3C0F4BE}.Debug|Any CPU.Build.0 = Debug|Any CPU
		{6AE31E7C-828E-4054-9D80-B2CEB3C0F4BE}.Release|Any CPU.ActiveCfg = Release|Any CPU
		{6AE31E7C-828E-4054-9D80-B2CEB3C0F4BE}.Release|Any CPU.Build.0 = Release|Any CPU
	EndGlobalSection
	GlobalSection(SolutionProperties) = preSolution
		HideSolutionNode = FALSE
	EndGlobalSection
	GlobalSection(ExtensibilityGlobals) = postSolution
		SolutionGuid = {76C5E5D1-85E6-49AF-8049-F208D5756CC1}
	EndGlobalSection
EndGlobal
