
Microsoft Visual Studio Solution File, Format Version 12.00
# Visual Studio 15
VisualStudioVersion = 15.0.28307.421
MinimumVisualStudioVersion = 10.0.40219.1
Project("{2150E333-8FDC-42A3-9474-1A3956D46DE8}") = "Services", "Services", "{06EC11A5-16BE-49AE-8FE1-6CEA0576ECAB}"
EndProject
Project("{2150E333-8FDC-42A3-9474-1A3956D46DE8}") = "RequestService", "RequestService", "{08576D72-96E4-4332-AD1C-223698513CCF}"
EndProject
Project("{2150E333-8FDC-42A3-9474-1A3956D46DE8}") = "UserService", "UserService", "{94C0A1AB-37DC-4BEF-B0A0-226B75ACE18F}"
EndProject
Project("{2150E333-8FDC-42A3-9474-1A3956D46DE8}") = "tests", "tests", "{582E695A-7961-4819-BDEA-A675FBF74894}"
EndProject
Project("{2150E333-8FDC-42A3-9474-1A3956D46DE8}") = "src", "src", "{74E07987-D45A-464A-B735-D53C4F67577E}"
EndProject
Project("{2150E333-8FDC-42A3-9474-1A3956D46DE8}") = "tests", "tests", "{FC47F60D-E92F-4BC6-9C9A-D0B523B32D33}"
EndProject
Project("{9A19103F-16F7-4668-BE54-9A1E7A4F7556}") = "ApiGway", "src\ApiGway\ApiGway.csproj", "{281FAC78-C6D4-4155-8746-A41A2660264D}"
EndProject
Project("{2150E333-8FDC-42A3-9474-1A3956D46DE8}") = "src", "src", "{8A38083A-7711-40E3-85DA-0F7CD3DC5C60}"
EndProject
Project("{9A19103F-16F7-4668-BE54-9A1E7A4F7556}") = "Application", "src\Services\RequestService\Application\Application.csproj", "{5F612218-EBF4-48CB-8AC2-CC400D3C46AA}"
EndProject
Project("{9A19103F-16F7-4668-BE54-9A1E7A4F7556}") = "Domain", "src\Services\RequestService\Domain\Domain.csproj", "{903C2316-7575-4DDB-BB04-7A10F8DD47E3}"
EndProject
Project("{9A19103F-16F7-4668-BE54-9A1E7A4F7556}") = "Infrastructure", "src\Services\RequestService\Infrastructure\Infrastructure.csproj", "{94CD7705-B276-40B2-B5FE-B496B612F9DE}"
EndProject
Project("{9A19103F-16F7-4668-BE54-9A1E7A4F7556}") = "Infrastructure.Persistence", "src\Services\RequestService\Infrastructure.Persistence\Infrastructure.Persistence.csproj", "{67DF2BDE-A1B9-45BF-9816-BDF0DE2E418B}"
EndProject
Project("{9A19103F-16F7-4668-BE54-9A1E7A4F7556}") = "WebApi", "src\Services\RequestService\WebApi\WebApi.csproj", "{3443D69A-8DB2-4C3A-BAC0-3CB37AF874B8}"
EndProject
Project("{9A19103F-16F7-4668-BE54-9A1E7A4F7556}") = "RequestService.WebApi.Tests", "src\Services\RequestService\Tests\WebApi.Tests\RequestService.WebApi.Tests.csproj", "{8879EA29-E3A9-4576-9B1C-021DB5798103}"
EndProject
Project("{9A19103F-16F7-4668-BE54-9A1E7A4F7556}") = "RequestService.Application.Tests", "src\Services\RequestService\Tests\Domain.Tests\RequestService.Application.Tests.csproj", "{6EC23038-44AC-4A38-80B4-9F6D9EFB1F84}"
EndProject
Project("{9A19103F-16F7-4668-BE54-9A1E7A4F7556}") = "Application", "src\Services\UserService\Application\Application.csproj", "{60BAA273-21A5-417E-8240-04437D37697A}"
EndProject
Project("{9A19103F-16F7-4668-BE54-9A1E7A4F7556}") = "Domain", "src\Services\UserService\Domain\Domain.csproj", "{8AF2846B-8A3A-4056-AFA1-8003C50C4A42}"
EndProject
Project("{9A19103F-16F7-4668-BE54-9A1E7A4F7556}") = "Infrastructure.Persistence", "src\Services\UserService\Infrastructure.Persistence\Infrastructure.Persistence.csproj", "{79F5D750-FFB4-42FC-AAE4-39AC98927F55}"
EndProject
Project("{9A19103F-16F7-4668-BE54-9A1E7A4F7556}") = "WebApi", "src\Services\UserService\WebApi\WebApi.csproj", "{52145F16-4697-476B-A07C-B8269F720BDD}"
EndProject
Project("{9A19103F-16F7-4668-BE54-9A1E7A4F7556}") = "Ordsome.Services.CrossCuttingConcerns", "src\Services\CrossCuttingConcerns\Ordsome.Services.CrossCuttingConcerns.csproj", "{B3AF2623-0CBB-49C5-A685-CC7AF0C12D40}"
EndProject
Global
	GlobalSection(SolutionConfigurationPlatforms) = preSolution
		Debug|Any CPU = Debug|Any CPU
		Release|Any CPU = Release|Any CPU
	EndGlobalSection
	GlobalSection(ProjectConfigurationPlatforms) = postSolution
		{281FAC78-C6D4-4155-8746-A41A2660264D}.Debug|Any CPU.ActiveCfg = Debug|Any CPU
		{281FAC78-C6D4-4155-8746-A41A2660264D}.Debug|Any CPU.Build.0 = Debug|Any CPU
		{281FAC78-C6D4-4155-8746-A41A2660264D}.Release|Any CPU.ActiveCfg = Release|Any CPU
		{281FAC78-C6D4-4155-8746-A41A2660264D}.Release|Any CPU.Build.0 = Release|Any CPU
		{5F612218-EBF4-48CB-8AC2-CC400D3C46AA}.Debug|Any CPU.ActiveCfg = Debug|Any CPU
		{5F612218-EBF4-48CB-8AC2-CC400D3C46AA}.Debug|Any CPU.Build.0 = Debug|Any CPU
		{5F612218-EBF4-48CB-8AC2-CC400D3C46AA}.Release|Any CPU.ActiveCfg = Release|Any CPU
		{5F612218-EBF4-48CB-8AC2-CC400D3C46AA}.Release|Any CPU.Build.0 = Release|Any CPU
		{903C2316-7575-4DDB-BB04-7A10F8DD47E3}.Debug|Any CPU.ActiveCfg = Debug|Any CPU
		{903C2316-7575-4DDB-BB04-7A10F8DD47E3}.Debug|Any CPU.Build.0 = Debug|Any CPU
		{903C2316-7575-4DDB-BB04-7A10F8DD47E3}.Release|Any CPU.ActiveCfg = Release|Any CPU
		{903C2316-7575-4DDB-BB04-7A10F8DD47E3}.Release|Any CPU.Build.0 = Release|Any CPU
		{94CD7705-B276-40B2-B5FE-B496B612F9DE}.Debug|Any CPU.ActiveCfg = Debug|Any CPU
		{94CD7705-B276-40B2-B5FE-B496B612F9DE}.Debug|Any CPU.Build.0 = Debug|Any CPU
		{94CD7705-B276-40B2-B5FE-B496B612F9DE}.Release|Any CPU.ActiveCfg = Release|Any CPU
		{94CD7705-B276-40B2-B5FE-B496B612F9DE}.Release|Any CPU.Build.0 = Release|Any CPU
		{67DF2BDE-A1B9-45BF-9816-BDF0DE2E418B}.Debug|Any CPU.ActiveCfg = Debug|Any CPU
		{67DF2BDE-A1B9-45BF-9816-BDF0DE2E418B}.Debug|Any CPU.Build.0 = Debug|Any CPU
		{67DF2BDE-A1B9-45BF-9816-BDF0DE2E418B}.Release|Any CPU.ActiveCfg = Release|Any CPU
		{67DF2BDE-A1B9-45BF-9816-BDF0DE2E418B}.Release|Any CPU.Build.0 = Release|Any CPU
		{3443D69A-8DB2-4C3A-BAC0-3CB37AF874B8}.Debug|Any CPU.ActiveCfg = Debug|Any CPU
		{3443D69A-8DB2-4C3A-BAC0-3CB37AF874B8}.Debug|Any CPU.Build.0 = Debug|Any CPU
		{3443D69A-8DB2-4C3A-BAC0-3CB37AF874B8}.Release|Any CPU.ActiveCfg = Release|Any CPU
		{3443D69A-8DB2-4C3A-BAC0-3CB37AF874B8}.Release|Any CPU.Build.0 = Release|Any CPU
		{8879EA29-E3A9-4576-9B1C-021DB5798103}.Debug|Any CPU.ActiveCfg = Debug|Any CPU
		{8879EA29-E3A9-4576-9B1C-021DB5798103}.Debug|Any CPU.Build.0 = Debug|Any CPU
		{8879EA29-E3A9-4576-9B1C-021DB5798103}.Release|Any CPU.ActiveCfg = Release|Any CPU
		{8879EA29-E3A9-4576-9B1C-021DB5798103}.Release|Any CPU.Build.0 = Release|Any CPU
		{6EC23038-44AC-4A38-80B4-9F6D9EFB1F84}.Debug|Any CPU.ActiveCfg = Debug|Any CPU
		{6EC23038-44AC-4A38-80B4-9F6D9EFB1F84}.Debug|Any CPU.Build.0 = Debug|Any CPU
		{6EC23038-44AC-4A38-80B4-9F6D9EFB1F84}.Release|Any CPU.ActiveCfg = Release|Any CPU
		{6EC23038-44AC-4A38-80B4-9F6D9EFB1F84}.Release|Any CPU.Build.0 = Release|Any CPU
		{60BAA273-21A5-417E-8240-04437D37697A}.Debug|Any CPU.ActiveCfg = Debug|Any CPU
		{60BAA273-21A5-417E-8240-04437D37697A}.Debug|Any CPU.Build.0 = Debug|Any CPU
		{60BAA273-21A5-417E-8240-04437D37697A}.Release|Any CPU.ActiveCfg = Release|Any CPU
		{60BAA273-21A5-417E-8240-04437D37697A}.Release|Any CPU.Build.0 = Release|Any CPU
		{8AF2846B-8A3A-4056-AFA1-8003C50C4A42}.Debug|Any CPU.ActiveCfg = Debug|Any CPU
		{8AF2846B-8A3A-4056-AFA1-8003C50C4A42}.Debug|Any CPU.Build.0 = Debug|Any CPU
		{8AF2846B-8A3A-4056-AFA1-8003C50C4A42}.Release|Any CPU.ActiveCfg = Release|Any CPU
		{8AF2846B-8A3A-4056-AFA1-8003C50C4A42}.Release|Any CPU.Build.0 = Release|Any CPU
		{79F5D750-FFB4-42FC-AAE4-39AC98927F55}.Debug|Any CPU.ActiveCfg = Debug|Any CPU
		{79F5D750-FFB4-42FC-AAE4-39AC98927F55}.Debug|Any CPU.Build.0 = Debug|Any CPU
		{79F5D750-FFB4-42FC-AAE4-39AC98927F55}.Release|Any CPU.ActiveCfg = Release|Any CPU
		{79F5D750-FFB4-42FC-AAE4-39AC98927F55}.Release|Any CPU.Build.0 = Release|Any CPU
		{52145F16-4697-476B-A07C-B8269F720BDD}.Debug|Any CPU.ActiveCfg = Debug|Any CPU
		{52145F16-4697-476B-A07C-B8269F720BDD}.Debug|Any CPU.Build.0 = Debug|Any CPU
		{52145F16-4697-476B-A07C-B8269F720BDD}.Release|Any CPU.ActiveCfg = Release|Any CPU
		{52145F16-4697-476B-A07C-B8269F720BDD}.Release|Any CPU.Build.0 = Release|Any CPU
		{B3AF2623-0CBB-49C5-A685-CC7AF0C12D40}.Debug|Any CPU.ActiveCfg = Debug|Any CPU
		{B3AF2623-0CBB-49C5-A685-CC7AF0C12D40}.Debug|Any CPU.Build.0 = Debug|Any CPU
		{B3AF2623-0CBB-49C5-A685-CC7AF0C12D40}.Release|Any CPU.ActiveCfg = Release|Any CPU
		{B3AF2623-0CBB-49C5-A685-CC7AF0C12D40}.Release|Any CPU.Build.0 = Release|Any CPU
	EndGlobalSection
	GlobalSection(SolutionProperties) = preSolution
		HideSolutionNode = FALSE
	EndGlobalSection
	GlobalSection(NestedProjects) = preSolution
		{08576D72-96E4-4332-AD1C-223698513CCF} = {06EC11A5-16BE-49AE-8FE1-6CEA0576ECAB}
		{94C0A1AB-37DC-4BEF-B0A0-226B75ACE18F} = {06EC11A5-16BE-49AE-8FE1-6CEA0576ECAB}
		{582E695A-7961-4819-BDEA-A675FBF74894} = {08576D72-96E4-4332-AD1C-223698513CCF}
		{74E07987-D45A-464A-B735-D53C4F67577E} = {94C0A1AB-37DC-4BEF-B0A0-226B75ACE18F}
		{FC47F60D-E92F-4BC6-9C9A-D0B523B32D33} = {94C0A1AB-37DC-4BEF-B0A0-226B75ACE18F}
		{8A38083A-7711-40E3-85DA-0F7CD3DC5C60} = {08576D72-96E4-4332-AD1C-223698513CCF}
		{5F612218-EBF4-48CB-8AC2-CC400D3C46AA} = {8A38083A-7711-40E3-85DA-0F7CD3DC5C60}
		{903C2316-7575-4DDB-BB04-7A10F8DD47E3} = {8A38083A-7711-40E3-85DA-0F7CD3DC5C60}
		{94CD7705-B276-40B2-B5FE-B496B612F9DE} = {8A38083A-7711-40E3-85DA-0F7CD3DC5C60}
		{67DF2BDE-A1B9-45BF-9816-BDF0DE2E418B} = {8A38083A-7711-40E3-85DA-0F7CD3DC5C60}
		{3443D69A-8DB2-4C3A-BAC0-3CB37AF874B8} = {8A38083A-7711-40E3-85DA-0F7CD3DC5C60}
		{8879EA29-E3A9-4576-9B1C-021DB5798103} = {582E695A-7961-4819-BDEA-A675FBF74894}
		{6EC23038-44AC-4A38-80B4-9F6D9EFB1F84} = {582E695A-7961-4819-BDEA-A675FBF74894}
		{60BAA273-21A5-417E-8240-04437D37697A} = {74E07987-D45A-464A-B735-D53C4F67577E}
		{8AF2846B-8A3A-4056-AFA1-8003C50C4A42} = {74E07987-D45A-464A-B735-D53C4F67577E}
		{79F5D750-FFB4-42FC-AAE4-39AC98927F55} = {74E07987-D45A-464A-B735-D53C4F67577E}
		{52145F16-4697-476B-A07C-B8269F720BDD} = {74E07987-D45A-464A-B735-D53C4F67577E}
		{B3AF2623-0CBB-49C5-A685-CC7AF0C12D40} = {06EC11A5-16BE-49AE-8FE1-6CEA0576ECAB}
	EndGlobalSection
	GlobalSection(ExtensibilityGlobals) = postSolution
		SolutionGuid = {08C2F1FC-7CDF-410D-9AC6-ECFDCDB3F4DF}
	EndGlobalSection
EndGlobal
