
Microsoft Visual Studio Solution File, Format Version 12.00
# Visual Studio 15
VisualStudioVersion = 15.0.28307.421
MinimumVisualStudioVersion = 10.0.40219.1
Project("{FAE04EC0-301F-11D3-BF4B-00C04F79EFBC}") = "RequestService.WebApi", "RequestService.WebApi\RequestService.WebApi.csproj", "{107063FB-30BF-4CF6-A0A6-C87109A64463}"
EndProject
Global
	GlobalSection(SolutionConfigurationPlatforms) = preSolution
		Debug|Any CPU = Debug|Any CPU
		Release|Any CPU = Release|Any CPU
	EndGlobalSection
	GlobalSection(ProjectConfigurationPlatforms) = postSolution
		{107063FB-30BF-4CF6-A0A6-C87109A64463}.Debug|Any CPU.ActiveCfg = Debug|Any CPU
		{107063FB-30BF-4CF6-A0A6-C87109A64463}.Debug|Any CPU.Build.0 = Debug|Any CPU
		{107063FB-30BF-4CF6-A0A6-C87109A64463}.Release|Any CPU.ActiveCfg = Release|Any CPU
		{107063FB-30BF-4CF6-A0A6-C87109A64463}.Release|Any CPU.Build.0 = Release|Any CPU
	EndGlobalSection
	GlobalSection(SolutionProperties) = preSolution
		HideSolutionNode = FALSE
	EndGlobalSection
	GlobalSection(ExtensibilityGlobals) = postSolution
		SolutionGuid = {76C5E5D1-85E6-49AF-8049-F208D5756CC1}
	EndGlobalSection
EndGlobal
