
Microsoft Visual Studio Solution File, Format Version 12.00
# Visual Studio 15
VisualStudioVersion = 15.0.28307.421
MinimumVisualStudioVersion = 10.0.40219.1
Project("{9A19103F-16F7-4668-BE54-9A1E7A4F7556}") = "RequestService.WebApi", "RequestService.WebApi\RequestService.WebApi.csproj", "{107063FB-30BF-4CF6-A0A6-C87109A64463}"
	ProjectSection(ProjectDependencies) = postProject
		{B65C2516-46FB-4227-ADBB-6DD1D7C32AF9} = {B65C2516-46FB-4227-ADBB-6DD1D7C32AF9}
	EndProjectSection
EndProject
Project("{9A19103F-16F7-4668-BE54-9A1E7A4F7556}") = "RequestService.Application", "RequestService.Application\RequestService.Application.csproj", "{5AA23869-6459-44B9-BAC5-3B7E28829FF1}"
EndProject
Project("{9A19103F-16F7-4668-BE54-9A1E7A4F7556}") = "RequestService.Infrastructure", "RequestService.Infrastructure\RequestService.Infrastructure.csproj", "{E8F3004B-E06E-42E7-A334-855DB4DB5B98}"
EndProject
Project("{9A19103F-16F7-4668-BE54-9A1E7A4F7556}") = "RequestService.Domain", "RequestService.Domain\RequestService.Domain.csproj", "{B65C2516-46FB-4227-ADBB-6DD1D7C32AF9}"
EndProject
Project("{9A19103F-16F7-4668-BE54-9A1E7A4F7556}") = "RequestService.Infrastructure.Persistence", "RequestService.Infrastructure.Persistence\RequestService.Infrastructure.Persistence.csproj", "{6AE31E7C-828E-4054-9D80-B2CEB3C0F4BE}"
EndProject
Project("{2150E333-8FDC-42A3-9474-1A3956D46DE8}") = "RequestService", "RequestService", "{A40FF577-81A3-4CD8-986F-C399616F312F}"
EndProject
Project("{2150E333-8FDC-42A3-9474-1A3956D46DE8}") = "UserService", "UserService", "{A381A787-8F03-46FB-980E-63C4E18F220B}"
EndProject
Project("{9A19103F-16F7-4668-BE54-9A1E7A4F7556}") = "UserService.Domain", "UserService.Domain\UserService.Domain.csproj", "{213E16E2-9C1A-4BE4-9369-3EFA05F6CA50}"
EndProject
Project("{9A19103F-16F7-4668-BE54-9A1E7A4F7556}") = "UserService.Application", "UserService.Application\UserService.Application.csproj", "{19C4ED9F-20A7-4178-81C9-B679ACBA68C8}"
	ProjectSection(ProjectDependencies) = postProject
		{213E16E2-9C1A-4BE4-9369-3EFA05F6CA50} = {213E16E2-9C1A-4BE4-9369-3EFA05F6CA50}
	EndProjectSection
EndProject
Project("{9A19103F-16F7-4668-BE54-9A1E7A4F7556}") = "UserService.Infrastructure.Persistence", "UserService.Infrastructure.Persistence\UserService.Infrastructure.Persistence.csproj", "{402080FF-1930-493C-BE3A-68A65F723EBC}"
EndProject
Project("{FAE04EC0-301F-11D3-BF4B-00C04F79EFBC}") = "UserService.WebApi", "UserService.WebApi\UserService.WebApi.csproj", "{0E49C488-BF7F-4CA2-928C-97B04B01DA91}"
EndProject
Global
	GlobalSection(SolutionConfigurationPlatforms) = preSolution
		Debug|Any CPU = Debug|Any CPU
		Release|Any CPU = Release|Any CPU
	EndGlobalSection
	GlobalSection(ProjectConfigurationPlatforms) = postSolution
		{107063FB-30BF-4CF6-A0A6-C87109A64463}.Debug|Any CPU.ActiveCfg = Debug|Any CPU
		{107063FB-30BF-4CF6-A0A6-C87109A64463}.Debug|Any CPU.Build.0 = Debug|Any CPU
		{107063FB-30BF-4CF6-A0A6-C87109A64463}.Release|Any CPU.ActiveCfg = Release|Any CPU
		{107063FB-30BF-4CF6-A0A6-C87109A64463}.Release|Any CPU.Build.0 = Release|Any CPU
		{5AA23869-6459-44B9-BAC5-3B7E28829FF1}.Debug|Any CPU.ActiveCfg = Debug|Any CPU
		{5AA23869-6459-44B9-BAC5-3B7E28829FF1}.Debug|Any CPU.Build.0 = Debug|Any CPU
		{5AA23869-6459-44B9-BAC5-3B7E28829FF1}.Release|Any CPU.ActiveCfg = Release|Any CPU
		{5AA23869-6459-44B9-BAC5-3B7E28829FF1}.Release|Any CPU.Build.0 = Release|Any CPU
		{E8F3004B-E06E-42E7-A334-855DB4DB5B98}.Debug|Any CPU.ActiveCfg = Debug|Any CPU
		{E8F3004B-E06E-42E7-A334-855DB4DB5B98}.Debug|Any CPU.Build.0 = Debug|Any CPU
		{E8F3004B-E06E-42E7-A334-855DB4DB5B98}.Release|Any CPU.ActiveCfg = Release|Any CPU
		{E8F3004B-E06E-42E7-A334-855DB4DB5B98}.Release|Any CPU.Build.0 = Release|Any CPU
		{B65C2516-46FB-4227-ADBB-6DD1D7C32AF9}.Debug|Any CPU.ActiveCfg = Debug|Any CPU
		{B65C2516-46FB-4227-ADBB-6DD1D7C32AF9}.Debug|Any CPU.Build.0 = Debug|Any CPU
		{B65C2516-46FB-4227-ADBB-6DD1D7C32AF9}.Release|Any CPU.ActiveCfg = Release|Any CPU
		{B65C2516-46FB-4227-ADBB-6DD1D7C32AF9}.Release|Any CPU.Build.0 = Release|Any CPU
		{6AE31E7C-828E-4054-9D80-B2CEB3C0F4BE}.Debug|Any CPU.ActiveCfg = Debug|Any CPU
		{6AE31E7C-828E-4054-9D80-B2CEB3C0F4BE}.Debug|Any CPU.Build.0 = Debug|Any CPU
		{6AE31E7C-828E-4054-9D80-B2CEB3C0F4BE}.Release|Any CPU.ActiveCfg = Release|Any CPU
		{6AE31E7C-828E-4054-9D80-B2CEB3C0F4BE}.Release|Any CPU.Build.0 = Release|Any CPU
		{213E16E2-9C1A-4BE4-9369-3EFA05F6CA50}.Debug|Any CPU.ActiveCfg = Debug|Any CPU
		{213E16E2-9C1A-4BE4-9369-3EFA05F6CA50}.Debug|Any CPU.Build.0 = Debug|Any CPU
		{213E16E2-9C1A-4BE4-9369-3EFA05F6CA50}.Release|Any CPU.ActiveCfg = Release|Any CPU
		{213E16E2-9C1A-4BE4-9369-3EFA05F6CA50}.Release|Any CPU.Build.0 = Release|Any CPU
		{19C4ED9F-20A7-4178-81C9-B679ACBA68C8}.Debug|Any CPU.ActiveCfg = Debug|Any CPU
		{19C4ED9F-20A7-4178-81C9-B679ACBA68C8}.Debug|Any CPU.Build.0 = Debug|Any CPU
		{19C4ED9F-20A7-4178-81C9-B679ACBA68C8}.Release|Any CPU.ActiveCfg = Release|Any CPU
		{19C4ED9F-20A7-4178-81C9-B679ACBA68C8}.Release|Any CPU.Build.0 = Release|Any CPU
		{402080FF-1930-493C-BE3A-68A65F723EBC}.Debug|Any CPU.ActiveCfg = Debug|Any CPU
		{402080FF-1930-493C-BE3A-68A65F723EBC}.Debug|Any CPU.Build.0 = Debug|Any CPU
		{402080FF-1930-493C-BE3A-68A65F723EBC}.Release|Any CPU.ActiveCfg = Release|Any CPU
		{402080FF-1930-493C-BE3A-68A65F723EBC}.Release|Any CPU.Build.0 = Release|Any CPU
		{0E49C488-BF7F-4CA2-928C-97B04B01DA91}.Debug|Any CPU.ActiveCfg = Debug|Any CPU
		{0E49C488-BF7F-4CA2-928C-97B04B01DA91}.Debug|Any CPU.Build.0 = Debug|Any CPU
		{0E49C488-BF7F-4CA2-928C-97B04B01DA91}.Release|Any CPU.ActiveCfg = Release|Any CPU
		{0E49C488-BF7F-4CA2-928C-97B04B01DA91}.Release|Any CPU.Build.0 = Release|Any CPU
	EndGlobalSection
	GlobalSection(SolutionProperties) = preSolution
		HideSolutionNode = FALSE
	EndGlobalSection
	GlobalSection(NestedProjects) = preSolution
		{107063FB-30BF-4CF6-A0A6-C87109A64463} = {A40FF577-81A3-4CD8-986F-C399616F312F}
		{5AA23869-6459-44B9-BAC5-3B7E28829FF1} = {A40FF577-81A3-4CD8-986F-C399616F312F}
		{E8F3004B-E06E-42E7-A334-855DB4DB5B98} = {A40FF577-81A3-4CD8-986F-C399616F312F}
		{B65C2516-46FB-4227-ADBB-6DD1D7C32AF9} = {A40FF577-81A3-4CD8-986F-C399616F312F}
		{6AE31E7C-828E-4054-9D80-B2CEB3C0F4BE} = {A40FF577-81A3-4CD8-986F-C399616F312F}
		{213E16E2-9C1A-4BE4-9369-3EFA05F6CA50} = {A381A787-8F03-46FB-980E-63C4E18F220B}
		{19C4ED9F-20A7-4178-81C9-B679ACBA68C8} = {A381A787-8F03-46FB-980E-63C4E18F220B}
		{402080FF-1930-493C-BE3A-68A65F723EBC} = {A381A787-8F03-46FB-980E-63C4E18F220B}
		{0E49C488-BF7F-4CA2-928C-97B04B01DA91} = {A381A787-8F03-46FB-980E-63C4E18F220B}
	EndGlobalSection
	GlobalSection(ExtensibilityGlobals) = postSolution
		SolutionGuid = {76C5E5D1-85E6-49AF-8049-F208D5756CC1}
	EndGlobalSection
EndGlobal
